// !$*UTF8*$!
{
	archiveVersion = 1;
	classes = {
	};
	objectVersion = 56;
	objects = {

/* Begin PBXBuildFile section */
		0F3C74B72927325A00BD40C6 /* AccSynthHashMatrixWrapper.mm in Sources */ = {isa = PBXBuildFile; fileRef = 0F3C74B32927325A00BD40C6 /* AccSynthHashMatrixWrapper.mm */; };
		0F3C74B82927325A00BD40C6 /* AccSynthHashMatrix.cpp in Sources */ = {isa = PBXBuildFile; fileRef = 0F3C74B52927325A00BD40C6 /* AccSynthHashMatrix.cpp */; };
		0F4F8A812925C7E6003F83F1 /* HelloWorldWrapper.mm in Sources */ = {isa = PBXBuildFile; fileRef = 0F4F8A802925C7E6003F83F1 /* HelloWorldWrapper.mm */; };
		0F5A43ED2924B0A400410E2C /* Testing Haptics.swift in Sources */ = {isa = PBXBuildFile; fileRef = 0F5A43EC2924B0A400410E2C /* Testing Haptics.swift */; };
		0F5A43F42924B59000410E2C /* HelloWorld.cpp in Sources */ = {isa = PBXBuildFile; fileRef = 0F5A43F22924B59000410E2C /* HelloWorld.cpp */; };
		1816DCA228E8ADE8004A0F25 /* Image1View.swift in Sources */ = {isa = PBXBuildFile; fileRef = 1816DCA128E8ADE8004A0F25 /* Image1View.swift */; };
		D866DEC528F75E88000DDC24 /* Image2View.swift in Sources */ = {isa = PBXBuildFile; fileRef = D866DEC428F75E88000DDC24 /* Image2View.swift */; };
		D8A0575628E4A25E005E0950 /* HeaderBarTitle.swift in Sources */ = {isa = PBXBuildFile; fileRef = D8A0575528E4A25E005E0950 /* HeaderBarTitle.swift */; };
		D8A0575828E4A26B005E0950 /* InstructionsView.swift in Sources */ = {isa = PBXBuildFile; fileRef = D8A0575728E4A26B005E0950 /* InstructionsView.swift */; };
		D8A0575A28E4BA7E005E0950 /* MenuView.swift in Sources */ = {isa = PBXBuildFile; fileRef = D8A0575928E4BA7E005E0950 /* MenuView.swift */; };
		D8CEDEE428DEFA39002C992A /* IOS_Haptics_AppApp.swift in Sources */ = {isa = PBXBuildFile; fileRef = D8CEDEE328DEFA39002C992A /* IOS_Haptics_AppApp.swift */; };
		D8CEDEE628DEFA39002C992A /* HomeView.swift in Sources */ = {isa = PBXBuildFile; fileRef = D8CEDEE528DEFA39002C992A /* HomeView.swift */; };
		D8CEDEE828DEFA39002C992A /* Assets.xcassets in Resources */ = {isa = PBXBuildFile; fileRef = D8CEDEE728DEFA39002C992A /* Assets.xcassets */; };
		D8CEDEEB28DEFA39002C992A /* Preview Assets.xcassets in Resources */ = {isa = PBXBuildFile; fileRef = D8CEDEEA28DEFA39002C992A /* Preview Assets.xcassets */; };
		D8CEDEF528DEFA39002C992A /* IOS_Haptics_AppTests.swift in Sources */ = {isa = PBXBuildFile; fileRef = D8CEDEF428DEFA39002C992A /* IOS_Haptics_AppTests.swift */; };
		D8CEDEFF28DEFA39002C992A /* IOS_Haptics_AppUITests.swift in Sources */ = {isa = PBXBuildFile; fileRef = D8CEDEFE28DEFA39002C992A /* IOS_Haptics_AppUITests.swift */; };
		D8CEDF0128DEFA39002C992A /* IOS_Haptics_AppUITestsLaunchTests.swift in Sources */ = {isa = PBXBuildFile; fileRef = D8CEDF0028DEFA39002C992A /* IOS_Haptics_AppUITestsLaunchTests.swift */; };
		DF6D9E5F293A045800D4BDC1 /* Test.ahap.ahap in Resources */ = {isa = PBXBuildFile; fileRef = 1802F4FD292C912200805FCF /* Test.ahap.ahap */; };
		DF6D9E61293A069100D4BDC1 /* Drums.ahap in Resources */ = {isa = PBXBuildFile; fileRef = DF6D9E60293A069100D4BDC1 /* Drums.ahap */; };
		DF92A8FB293A809C00294011 /* main.cpp in Sources */ = {isa = PBXBuildFile; fileRef = DF92A8F4293A809B00294011 /* main.cpp */; };
		DF92A8FC293A809C00294011 /* pugixml.cpp in Sources */ = {isa = PBXBuildFile; fileRef = DF92A8F5293A809B00294011 /* pugixml.cpp */; };
		DF92A8FD293A809C00294011 /* helper.cpp in Sources */ = {isa = PBXBuildFile; fileRef = DF92A8FA293A809C00294011 /* helper.cpp */; };
		DF92A903293A80B400294011 /* ContactModel.cpp in Sources */ = {isa = PBXBuildFile; fileRef = DF92A901293A80B400294011 /* ContactModel.cpp */; };
		DF92A90F293AA6F200294011 /* HDU in Resources */ = {isa = PBXBuildFile; fileRef = DF92A90D293AA6F200294011 /* HDU */; };
/* End PBXBuildFile section */

/* Begin PBXContainerItemProxy section */
		D8CEDEF128DEFA39002C992A /* PBXContainerItemProxy */ = {
			isa = PBXContainerItemProxy;
			containerPortal = D8CEDED828DEFA39002C992A /* Project object */;
			proxyType = 1;
			remoteGlobalIDString = D8CEDEDF28DEFA39002C992A;
			remoteInfo = "IOS Haptics App";
		};
		D8CEDEFB28DEFA39002C992A /* PBXContainerItemProxy */ = {
			isa = PBXContainerItemProxy;
			containerPortal = D8CEDED828DEFA39002C992A /* Project object */;
			proxyType = 1;
			remoteGlobalIDString = D8CEDEDF28DEFA39002C992A;
			remoteInfo = "IOS Haptics App";
		};
/* End PBXContainerItemProxy section */

/* Begin PBXFileReference section */
		0F3C74B22927325A00BD40C6 /* AccSynthHashMatrixWrapper.h */ = {isa = PBXFileReference; fileEncoding = 4; lastKnownFileType = sourcecode.c.h; path = AccSynthHashMatrixWrapper.h; sourceTree = "<group>"; };
		0F3C74B32927325A00BD40C6 /* AccSynthHashMatrixWrapper.mm */ = {isa = PBXFileReference; fileEncoding = 4; lastKnownFileType = sourcecode.cpp.objcpp; path = AccSynthHashMatrixWrapper.mm; sourceTree = "<group>"; };
		0F3C74B52927325A00BD40C6 /* AccSynthHashMatrix.cpp */ = {isa = PBXFileReference; fileEncoding = 4; lastKnownFileType = sourcecode.cpp.cpp; path = AccSynthHashMatrix.cpp; sourceTree = "<group>"; };
		0F4F8A7F2925C58A003F83F1 /* HelloWorldWrapper.h */ = {isa = PBXFileReference; lastKnownFileType = sourcecode.c.h; path = HelloWorldWrapper.h; sourceTree = "<group>"; };
		0F4F8A802925C7E6003F83F1 /* HelloWorldWrapper.mm */ = {isa = PBXFileReference; lastKnownFileType = sourcecode.cpp.objcpp; path = "HelloWorldW\brapper.mm"; sourceTree = "<group>"; };
		0F5A43EC2924B0A400410E2C /* Testing Haptics.swift */ = {isa = PBXFileReference; lastKnownFileType = sourcecode.swift; path = "Testing Haptics.swift"; sourceTree = "<group>"; };
		0F5A43EE2924B51000410E2C /* IOS Haptics App-Bridging-Header.h */ = {isa = PBXFileReference; lastKnownFileType = sourcecode.c.h; path = "IOS Haptics App-Bridging-Header.h"; sourceTree = "<group>"; };
		0F5A43F22924B59000410E2C /* HelloWorld.cpp */ = {isa = PBXFileReference; lastKnownFileType = sourcecode.cpp.cpp; path = HelloWorld.cpp; sourceTree = "<group>"; };
		0F5A43F32924B59000410E2C /* HelloWorld.hpp */ = {isa = PBXFileReference; lastKnownFileType = sourcecode.cpp.h; path = HelloWorld.hpp; sourceTree = "<group>"; };
		1802F4FD292C912200805FCF /* Test.ahap.ahap */ = {isa = PBXFileReference; lastKnownFileType = text; path = Test.ahap.ahap; sourceTree = "<group>"; };
		1816DCA128E8ADE8004A0F25 /* Image1View.swift */ = {isa = PBXFileReference; lastKnownFileType = sourcecode.swift; path = Image1View.swift; sourceTree = "<group>"; };
		D866DEC428F75E88000DDC24 /* Image2View.swift */ = {isa = PBXFileReference; lastKnownFileType = sourcecode.swift; path = Image2View.swift; sourceTree = "<group>"; };
		D8A0575528E4A25E005E0950 /* HeaderBarTitle.swift */ = {isa = PBXFileReference; fileEncoding = 4; lastKnownFileType = sourcecode.swift; path = HeaderBarTitle.swift; sourceTree = "<group>"; };
		D8A0575728E4A26B005E0950 /* InstructionsView.swift */ = {isa = PBXFileReference; fileEncoding = 4; lastKnownFileType = sourcecode.swift; path = InstructionsView.swift; sourceTree = "<group>"; };
		D8A0575928E4BA7E005E0950 /* MenuView.swift */ = {isa = PBXFileReference; lastKnownFileType = sourcecode.swift; path = MenuView.swift; sourceTree = "<group>"; };
		D8CEDEE028DEFA39002C992A /* IOS Haptics App.app */ = {isa = PBXFileReference; explicitFileType = wrapper.application; includeInIndex = 0; path = "IOS Haptics App.app"; sourceTree = BUILT_PRODUCTS_DIR; };
		D8CEDEE328DEFA39002C992A /* IOS_Haptics_AppApp.swift */ = {isa = PBXFileReference; lastKnownFileType = sourcecode.swift; path = IOS_Haptics_AppApp.swift; sourceTree = "<group>"; };
		D8CEDEE528DEFA39002C992A /* HomeView.swift */ = {isa = PBXFileReference; lastKnownFileType = sourcecode.swift; path = HomeView.swift; sourceTree = "<group>"; };
		D8CEDEE728DEFA39002C992A /* Assets.xcassets */ = {isa = PBXFileReference; lastKnownFileType = folder.assetcatalog; path = Assets.xcassets; sourceTree = "<group>"; };
		D8CEDEEA28DEFA39002C992A /* Preview Assets.xcassets */ = {isa = PBXFileReference; lastKnownFileType = folder.assetcatalog; path = "Preview Assets.xcassets"; sourceTree = "<group>"; };
		D8CEDEF028DEFA39002C992A /* IOS Haptics AppTests.xctest */ = {isa = PBXFileReference; explicitFileType = wrapper.cfbundle; includeInIndex = 0; path = "IOS Haptics AppTests.xctest"; sourceTree = BUILT_PRODUCTS_DIR; };
		D8CEDEF428DEFA39002C992A /* IOS_Haptics_AppTests.swift */ = {isa = PBXFileReference; lastKnownFileType = sourcecode.swift; path = IOS_Haptics_AppTests.swift; sourceTree = "<group>"; };
		D8CEDEFA28DEFA39002C992A /* IOS Haptics AppUITests.xctest */ = {isa = PBXFileReference; explicitFileType = wrapper.cfbundle; includeInIndex = 0; path = "IOS Haptics AppUITests.xctest"; sourceTree = BUILT_PRODUCTS_DIR; };
		D8CEDEFE28DEFA39002C992A /* IOS_Haptics_AppUITests.swift */ = {isa = PBXFileReference; lastKnownFileType = sourcecode.swift; path = IOS_Haptics_AppUITests.swift; sourceTree = "<group>"; };
		D8CEDF0028DEFA39002C992A /* IOS_Haptics_AppUITestsLaunchTests.swift */ = {isa = PBXFileReference; lastKnownFileType = sourcecode.swift; path = IOS_Haptics_AppUITestsLaunchTests.swift; sourceTree = "<group>"; };
		DF6D9E5E2939C5DB00D4BDC1 /* AccSynthHashMatrix.h */ = {isa = PBXFileReference; lastKnownFileType = sourcecode.c.h; path = AccSynthHashMatrix.h; sourceTree = "<group>"; };
		DF6D9E60293A069100D4BDC1 /* Drums.ahap */ = {isa = PBXFileReference; fileEncoding = 4; lastKnownFileType = text; path = Drums.ahap; sourceTree = "<group>"; };
		DF92A8F4293A809B00294011 /* main.cpp */ = {isa = PBXFileReference; fileEncoding = 4; lastKnownFileType = sourcecode.cpp.cpp; path = main.cpp; sourceTree = "<group>"; };
		DF92A8F5293A809B00294011 /* pugixml.cpp */ = {isa = PBXFileReference; fileEncoding = 4; lastKnownFileType = sourcecode.cpp.cpp; path = pugixml.cpp; sourceTree = "<group>"; };
		DF92A8F6293A809B00294011 /* pugiconfig.hpp */ = {isa = PBXFileReference; fileEncoding = 4; lastKnownFileType = sourcecode.cpp.h; path = pugiconfig.hpp; sourceTree = "<group>"; };
		DF92A8F7293A809B00294011 /* pugixml.hpp */ = {isa = PBXFileReference; fileEncoding = 4; lastKnownFileType = sourcecode.cpp.h; path = pugixml.hpp; sourceTree = "<group>"; };
		DF92A8F8293A809B00294011 /* sharedInit.h */ = {isa = PBXFileReference; fileEncoding = 4; lastKnownFileType = sourcecode.c.h; path = sharedInit.h; sourceTree = "<group>"; };
		DF92A8F9293A809B00294011 /* shared.h */ = {isa = PBXFileReference; fileEncoding = 4; lastKnownFileType = sourcecode.c.h; path = shared.h; sourceTree = "<group>"; };
		DF92A8FA293A809C00294011 /* helper.cpp */ = {isa = PBXFileReference; fileEncoding = 4; lastKnownFileType = sourcecode.cpp.cpp; path = helper.cpp; sourceTree = "<group>"; };
		DF92A8FE293A80B400294011 /* autoGenHashMatrix.h */ = {isa = PBXFileReference; fileEncoding = 4; lastKnownFileType = sourcecode.c.h; path = autoGenHashMatrix.h; sourceTree = "<group>"; };
		DF92A8FF293A80B400294011 /* ContactModel.h */ = {isa = PBXFileReference; fileEncoding = 4; lastKnownFileType = sourcecode.c.h; path = ContactModel.h; sourceTree = "<group>"; };
		DF92A900293A80B400294011 /* foreach.hpp */ = {isa = PBXFileReference; fileEncoding = 4; lastKnownFileType = sourcecode.cpp.h; path = foreach.hpp; sourceTree = "<group>"; };
		DF92A901293A80B400294011 /* ContactModel.cpp */ = {isa = PBXFileReference; fileEncoding = 4; lastKnownFileType = sourcecode.cpp.cpp; path = ContactModel.cpp; sourceTree = "<group>"; };
		DF92A902293A80B400294011 /* Constants.h */ = {isa = PBXFileReference; fileEncoding = 4; lastKnownFileType = sourcecode.c.h; path = Constants.h; sourceTree = "<group>"; };
		DF92A90D293AA6F200294011 /* HDU */ = {isa = PBXFileReference; lastKnownFileType = folder; path = HDU; sourceTree = "<group>"; };
		DF92A910293AA86B00294011 /* hdDefines.h */ = {isa = PBXFileReference; lastKnownFileType = sourcecode.c.h; path = hdDefines.h; sourceTree = "<group>"; };
		DF92A911293AA8D600294011 /* hduVector.h */ = {isa = PBXFileReference; lastKnownFileType = sourcecode.c.h; path = hduVector.h; sourceTree = "<group>"; };
		DF92A912293E9D2800294011 /* hduMatrix.h */ = {isa = PBXFileReference; lastKnownFileType = sourcecode.c.h; path = hduMatrix.h; sourceTree = "<group>"; };
		DF92A913293E9D3C00294011 /* hduGenericMatrix.h */ = {isa = PBXFileReference; lastKnownFileType = sourcecode.c.h; path = hduGenericMatrix.h; sourceTree = "<group>"; };
		DF92A914293E9D8600294011 /* hduError.h */ = {isa = PBXFileReference; lastKnownFileType = sourcecode.c.h; path = hduError.h; sourceTree = "<group>"; };
		DF92A915293E9DEF00294011 /* hd.h */ = {isa = PBXFileReference; lastKnownFileType = sourcecode.c.h; path = hd.h; sourceTree = "<group>"; };
		DF92A916293E9DEF00294011 /* hdDevice.h */ = {isa = PBXFileReference; lastKnownFileType = sourcecode.c.h; path = hdDevice.h; sourceTree = "<group>"; };
		DF92A917293E9DEF00294011 /* hdExport.h */ = {isa = PBXFileReference; lastKnownFileType = sourcecode.c.h; path = hdExport.h; sourceTree = "<group>"; };
		DF92A918293E9DEF00294011 /* hdCompilerConfig.h */ = {isa = PBXFileReference; lastKnownFileType = sourcecode.c.h; path = hdCompilerConfig.h; sourceTree = "<group>"; };
		DF92A919293E9DEF00294011 /* hdScheduler.h */ = {isa = PBXFileReference; lastKnownFileType = sourcecode.c.h; path = hdScheduler.h; sourceTree = "<group>"; };
/* End PBXFileReference section */

/* Begin PBXFrameworksBuildPhase section */
		D8CEDEDD28DEFA39002C992A /* Frameworks */ = {
			isa = PBXFrameworksBuildPhase;
			buildActionMask = 2147483647;
			files = (
			);
			runOnlyForDeploymentPostprocessing = 0;
		};
		D8CEDEED28DEFA39002C992A /* Frameworks */ = {
			isa = PBXFrameworksBuildPhase;
			buildActionMask = 2147483647;
			files = (
			);
			runOnlyForDeploymentPostprocessing = 0;
		};
		D8CEDEF728DEFA39002C992A /* Frameworks */ = {
			isa = PBXFrameworksBuildPhase;
			buildActionMask = 2147483647;
			files = (
			);
			runOnlyForDeploymentPostprocessing = 0;
		};
/* End PBXFrameworksBuildPhase section */

/* Begin PBXGroup section */
		0F4F8A822925DF90003F83F1 /* include */ = {
			isa = PBXGroup;
			children = (
				DF92A8FE293A80B400294011 /* autoGenHashMatrix.h */,
				DF92A902293A80B400294011 /* Constants.h */,
				DF92A901293A80B400294011 /* ContactModel.cpp */,
				DF92A8FF293A80B400294011 /* ContactModel.h */,
				DF92A900293A80B400294011 /* foreach.hpp */,
				DF92A8FA293A809C00294011 /* helper.cpp */,
				DF92A8F4293A809B00294011 /* main.cpp */,
				DF92A8F6293A809B00294011 /* pugiconfig.hpp */,
				DF92A8F5293A809B00294011 /* pugixml.cpp */,
				DF92A8F7293A809B00294011 /* pugixml.hpp */,
				DF92A8F9293A809B00294011 /* shared.h */,
				DF92A8F8293A809B00294011 /* sharedInit.h */,
				DF92A90D293AA6F200294011 /* HDU */,
				DF6D9E5E2939C5DB00D4BDC1 /* AccSynthHashMatrix.h */,
				0F3C74B52927325A00BD40C6 /* AccSynthHashMatrix.cpp */,
				0F3C74B22927325A00BD40C6 /* AccSynthHashMatrixWrapper.h */,
				0F3C74B32927325A00BD40C6 /* AccSynthHashMatrixWrapper.mm */,
				0F5A43F22924B59000410E2C /* HelloWorld.cpp */,
				0F5A43F32924B59000410E2C /* HelloWorld.hpp */,
				0F4F8A7F2925C58A003F83F1 /* HelloWorldWrapper.h */,
				0F4F8A802925C7E6003F83F1 /* HelloWorldWrapper.mm */,
				DF92A915293E9DEF00294011 /* hd.h */,
				DF92A918293E9DEF00294011 /* hdCompilerConfig.h */,
				DF92A916293E9DEF00294011 /* hdDevice.h */,
				DF92A917293E9DEF00294011 /* hdExport.h */,
				DF92A919293E9DEF00294011 /* hdScheduler.h */,
				DF92A910293AA86B00294011 /* hdDefines.h */,
				DF92A914293E9D8600294011 /* hduError.h */,
				DF92A911293AA8D600294011 /* hduVector.h */,
				DF92A912293E9D2800294011 /* hduMatrix.h */,
				DF92A913293E9D3C00294011 /* hduGenericMatrix.h */,
			);
			path = include;
			sourceTree = "<group>";
		};
		D8CEDED728DEFA39002C992A = {
			isa = PBXGroup;
			children = (
				D8CEDEE228DEFA39002C992A /* IOS Haptics App */,
				D8CEDEF328DEFA39002C992A /* IOS Haptics AppTests */,
				D8CEDEFD28DEFA39002C992A /* IOS Haptics AppUITests */,
				D8CEDEE128DEFA39002C992A /* Products */,
			);
			sourceTree = "<group>";
		};
		D8CEDEE128DEFA39002C992A /* Products */ = {
			isa = PBXGroup;
			children = (
				D8CEDEE028DEFA39002C992A /* IOS Haptics App.app */,
				D8CEDEF028DEFA39002C992A /* IOS Haptics AppTests.xctest */,
				D8CEDEFA28DEFA39002C992A /* IOS Haptics AppUITests.xctest */,
			);
			name = Products;
			sourceTree = "<group>";
		};
		D8CEDEE228DEFA39002C992A /* IOS Haptics App */ = {
			isa = PBXGroup;
			children = (
				DF6D9E60293A069100D4BDC1 /* Drums.ahap */,
				1802F4FD292C912200805FCF /* Test.ahap.ahap */,
				0F4F8A822925DF90003F83F1 /* include */,
				D8CEDEE528DEFA39002C992A /* HomeView.swift */,
				D8A0575728E4A26B005E0950 /* InstructionsView.swift */,
				D8A0575928E4BA7E005E0950 /* MenuView.swift */,
				1816DCA128E8ADE8004A0F25 /* Image1View.swift */,
				D866DEC428F75E88000DDC24 /* Image2View.swift */,
				D8CEDEE328DEFA39002C992A /* IOS_Haptics_AppApp.swift */,
				D8A0575528E4A25E005E0950 /* HeaderBarTitle.swift */,
				D8CEDEE728DEFA39002C992A /* Assets.xcassets */,
				D8CEDEE928DEFA39002C992A /* Preview Content */,
				0F5A43EC2924B0A400410E2C /* Testing Haptics.swift */,
				0F5A43EE2924B51000410E2C /* IOS Haptics App-Bridging-Header.h */,
			);
			path = "IOS Haptics App";
			sourceTree = "<group>";
		};
		D8CEDEE928DEFA39002C992A /* Preview Content */ = {
			isa = PBXGroup;
			children = (
				D8CEDEEA28DEFA39002C992A /* Preview Assets.xcassets */,
			);
			path = "Preview Content";
			sourceTree = "<group>";
		};
		D8CEDEF328DEFA39002C992A /* IOS Haptics AppTests */ = {
			isa = PBXGroup;
			children = (
				D8CEDEF428DEFA39002C992A /* IOS_Haptics_AppTests.swift */,
			);
			path = "IOS Haptics AppTests";
			sourceTree = "<group>";
		};
		D8CEDEFD28DEFA39002C992A /* IOS Haptics AppUITests */ = {
			isa = PBXGroup;
			children = (
				D8CEDEFE28DEFA39002C992A /* IOS_Haptics_AppUITests.swift */,
				D8CEDF0028DEFA39002C992A /* IOS_Haptics_AppUITestsLaunchTests.swift */,
			);
			path = "IOS Haptics AppUITests";
			sourceTree = "<group>";
		};
/* End PBXGroup section */

/* Begin PBXNativeTarget section */
		D8CEDEDF28DEFA39002C992A /* IOS Haptics App */ = {
			isa = PBXNativeTarget;
			buildConfigurationList = D8CEDF0428DEFA39002C992A /* Build configuration list for PBXNativeTarget "IOS Haptics App" */;
			buildPhases = (
				D8CEDEDC28DEFA39002C992A /* Sources */,
				D8CEDEDD28DEFA39002C992A /* Frameworks */,
				D8CEDEDE28DEFA39002C992A /* Resources */,
			);
			buildRules = (
			);
			dependencies = (
			);
			name = "IOS Haptics App";
			productName = "IOS Haptics App";
			productReference = D8CEDEE028DEFA39002C992A /* IOS Haptics App.app */;
			productType = "com.apple.product-type.application";
		};
		D8CEDEEF28DEFA39002C992A /* IOS Haptics AppTests */ = {
			isa = PBXNativeTarget;
			buildConfigurationList = D8CEDF0728DEFA39002C992A /* Build configuration list for PBXNativeTarget "IOS Haptics AppTests" */;
			buildPhases = (
				D8CEDEEC28DEFA39002C992A /* Sources */,
				D8CEDEED28DEFA39002C992A /* Frameworks */,
				D8CEDEEE28DEFA39002C992A /* Resources */,
			);
			buildRules = (
			);
			dependencies = (
				D8CEDEF228DEFA39002C992A /* PBXTargetDependency */,
			);
			name = "IOS Haptics AppTests";
			productName = "IOS Haptics AppTests";
			productReference = D8CEDEF028DEFA39002C992A /* IOS Haptics AppTests.xctest */;
			productType = "com.apple.product-type.bundle.unit-test";
		};
		D8CEDEF928DEFA39002C992A /* IOS Haptics AppUITests */ = {
			isa = PBXNativeTarget;
			buildConfigurationList = D8CEDF0A28DEFA39002C992A /* Build configuration list for PBXNativeTarget "IOS Haptics AppUITests" */;
			buildPhases = (
				D8CEDEF628DEFA39002C992A /* Sources */,
				D8CEDEF728DEFA39002C992A /* Frameworks */,
				D8CEDEF828DEFA39002C992A /* Resources */,
			);
			buildRules = (
			);
			dependencies = (
				D8CEDEFC28DEFA39002C992A /* PBXTargetDependency */,
			);
			name = "IOS Haptics AppUITests";
			productName = "IOS Haptics AppUITests";
			productReference = D8CEDEFA28DEFA39002C992A /* IOS Haptics AppUITests.xctest */;
			productType = "com.apple.product-type.bundle.ui-testing";
		};
/* End PBXNativeTarget section */

/* Begin PBXProject section */
		D8CEDED828DEFA39002C992A /* Project object */ = {
			isa = PBXProject;
			attributes = {
				BuildIndependentTargetsInParallel = 1;
				LastSwiftUpdateCheck = 1400;
				LastUpgradeCheck = 1400;
				TargetAttributes = {
					D8CEDEDF28DEFA39002C992A = {
						CreatedOnToolsVersion = 14.0;
						LastSwiftMigration = 1410;
					};
					D8CEDEEF28DEFA39002C992A = {
						CreatedOnToolsVersion = 14.0;
						TestTargetID = D8CEDEDF28DEFA39002C992A;
					};
					D8CEDEF928DEFA39002C992A = {
						CreatedOnToolsVersion = 14.0;
						TestTargetID = D8CEDEDF28DEFA39002C992A;
					};
				};
			};
			buildConfigurationList = D8CEDEDB28DEFA39002C992A /* Build configuration list for PBXProject "IOS Haptics App" */;
			compatibilityVersion = "Xcode 14.0";
			developmentRegion = en;
			hasScannedForEncodings = 0;
			knownRegions = (
				en,
				Base,
			);
			mainGroup = D8CEDED728DEFA39002C992A;
			productRefGroup = D8CEDEE128DEFA39002C992A /* Products */;
			projectDirPath = "";
			projectRoot = "";
			targets = (
				D8CEDEDF28DEFA39002C992A /* IOS Haptics App */,
				D8CEDEEF28DEFA39002C992A /* IOS Haptics AppTests */,
				D8CEDEF928DEFA39002C992A /* IOS Haptics AppUITests */,
			);
		};
/* End PBXProject section */

/* Begin PBXResourcesBuildPhase section */
		D8CEDEDE28DEFA39002C992A /* Resources */ = {
			isa = PBXResourcesBuildPhase;
			buildActionMask = 2147483647;
			files = (
				D8CEDEEB28DEFA39002C992A /* Preview Assets.xcassets in Resources */,
				DF6D9E61293A069100D4BDC1 /* Drums.ahap in Resources */,
				DF92A90F293AA6F200294011 /* HDU in Resources */,
				DF6D9E5F293A045800D4BDC1 /* Test.ahap.ahap in Resources */,
				D8CEDEE828DEFA39002C992A /* Assets.xcassets in Resources */,
			);
			runOnlyForDeploymentPostprocessing = 0;
		};
		D8CEDEEE28DEFA39002C992A /* Resources */ = {
			isa = PBXResourcesBuildPhase;
			buildActionMask = 2147483647;
			files = (
			);
			runOnlyForDeploymentPostprocessing = 0;
		};
		D8CEDEF828DEFA39002C992A /* Resources */ = {
			isa = PBXResourcesBuildPhase;
			buildActionMask = 2147483647;
			files = (
			);
			runOnlyForDeploymentPostprocessing = 0;
		};
/* End PBXResourcesBuildPhase section */

/* Begin PBXSourcesBuildPhase section */
		D8CEDEDC28DEFA39002C992A /* Sources */ = {
			isa = PBXSourcesBuildPhase;
			buildActionMask = 2147483647;
			files = (
				D8A0575628E4A25E005E0950 /* HeaderBarTitle.swift in Sources */,
				D8A0575A28E4BA7E005E0950 /* MenuView.swift in Sources */,
				DF92A8FD293A809C00294011 /* helper.cpp in Sources */,
				0F5A43ED2924B0A400410E2C /* Testing Haptics.swift in Sources */,
				0F4F8A812925C7E6003F83F1 /* HelloWorldWrapper.mm in Sources */,
				DF92A8FC293A809C00294011 /* pugixml.cpp in Sources */,
				D866DEC528F75E88000DDC24 /* Image2View.swift in Sources */,
				D8A0575828E4A26B005E0950 /* InstructionsView.swift in Sources */,
				D8CEDEE628DEFA39002C992A /* HomeView.swift in Sources */,
				0F5A43F42924B59000410E2C /* HelloWorld.cpp in Sources */,
				1816DCA228E8ADE8004A0F25 /* Image1View.swift in Sources */,
				0F3C74B82927325A00BD40C6 /* AccSynthHashMatrix.cpp in Sources */,
				DF92A8FB293A809C00294011 /* main.cpp in Sources */,
				0F3C74B72927325A00BD40C6 /* AccSynthHashMatrixWrapper.mm in Sources */,
				DF92A903293A80B400294011 /* ContactModel.cpp in Sources */,
				D8CEDEE428DEFA39002C992A /* IOS_Haptics_AppApp.swift in Sources */,
			);
			runOnlyForDeploymentPostprocessing = 0;
		};
		D8CEDEEC28DEFA39002C992A /* Sources */ = {
			isa = PBXSourcesBuildPhase;
			buildActionMask = 2147483647;
			files = (
				D8CEDEF528DEFA39002C992A /* IOS_Haptics_AppTests.swift in Sources */,
			);
			runOnlyForDeploymentPostprocessing = 0;
		};
		D8CEDEF628DEFA39002C992A /* Sources */ = {
			isa = PBXSourcesBuildPhase;
			buildActionMask = 2147483647;
			files = (
				D8CEDEFF28DEFA39002C992A /* IOS_Haptics_AppUITests.swift in Sources */,
				D8CEDF0128DEFA39002C992A /* IOS_Haptics_AppUITestsLaunchTests.swift in Sources */,
			);
			runOnlyForDeploymentPostprocessing = 0;
		};
/* End PBXSourcesBuildPhase section */

/* Begin PBXTargetDependency section */
		D8CEDEF228DEFA39002C992A /* PBXTargetDependency */ = {
			isa = PBXTargetDependency;
			target = D8CEDEDF28DEFA39002C992A /* IOS Haptics App */;
			targetProxy = D8CEDEF128DEFA39002C992A /* PBXContainerItemProxy */;
		};
		D8CEDEFC28DEFA39002C992A /* PBXTargetDependency */ = {
			isa = PBXTargetDependency;
			target = D8CEDEDF28DEFA39002C992A /* IOS Haptics App */;
			targetProxy = D8CEDEFB28DEFA39002C992A /* PBXContainerItemProxy */;
		};
/* End PBXTargetDependency section */

/* Begin XCBuildConfiguration section */
		D8CEDF0228DEFA39002C992A /* Debug */ = {
			isa = XCBuildConfiguration;
			buildSettings = {
				ALWAYS_SEARCH_USER_PATHS = NO;
				CLANG_ANALYZER_NONNULL = YES;
				CLANG_ANALYZER_NUMBER_OBJECT_CONVERSION = YES_AGGRESSIVE;
				CLANG_CXX_LANGUAGE_STANDARD = "gnu++20";
				CLANG_ENABLE_MODULES = YES;
				CLANG_ENABLE_OBJC_ARC = YES;
				CLANG_ENABLE_OBJC_WEAK = YES;
				CLANG_WARN_BLOCK_CAPTURE_AUTORELEASING = YES;
				CLANG_WARN_BOOL_CONVERSION = YES;
				CLANG_WARN_COMMA = YES;
				CLANG_WARN_CONSTANT_CONVERSION = YES;
				CLANG_WARN_DEPRECATED_OBJC_IMPLEMENTATIONS = YES;
				CLANG_WARN_DIRECT_OBJC_ISA_USAGE = YES_ERROR;
				CLANG_WARN_DOCUMENTATION_COMMENTS = YES;
				CLANG_WARN_EMPTY_BODY = YES;
				CLANG_WARN_ENUM_CONVERSION = YES;
				CLANG_WARN_INFINITE_RECURSION = YES;
				CLANG_WARN_INT_CONVERSION = YES;
				CLANG_WARN_NON_LITERAL_NULL_CONVERSION = YES;
				CLANG_WARN_OBJC_IMPLICIT_RETAIN_SELF = YES;
				CLANG_WARN_OBJC_LITERAL_CONVERSION = YES;
				CLANG_WARN_OBJC_ROOT_CLASS = YES_ERROR;
				CLANG_WARN_QUOTED_INCLUDE_IN_FRAMEWORK_HEADER = YES;
				CLANG_WARN_RANGE_LOOP_ANALYSIS = YES;
				CLANG_WARN_STRICT_PROTOTYPES = YES;
				CLANG_WARN_SUSPICIOUS_MOVE = YES;
				CLANG_WARN_UNGUARDED_AVAILABILITY = YES_AGGRESSIVE;
				CLANG_WARN_UNREACHABLE_CODE = YES;
				CLANG_WARN__DUPLICATE_METHOD_MATCH = YES;
				COPY_PHASE_STRIP = NO;
				DEBUG_INFORMATION_FORMAT = dwarf;
				ENABLE_STRICT_OBJC_MSGSEND = YES;
				ENABLE_TESTABILITY = YES;
				GCC_C_LANGUAGE_STANDARD = gnu11;
				GCC_DYNAMIC_NO_PIC = NO;
				GCC_NO_COMMON_BLOCKS = YES;
				GCC_OPTIMIZATION_LEVEL = 0;
				GCC_PREPROCESSOR_DEFINITIONS = (
					"DEBUG=1",
					"$(inherited)",
				);
				GCC_WARN_64_TO_32_BIT_CONVERSION = YES;
				GCC_WARN_ABOUT_RETURN_TYPE = YES_ERROR;
				GCC_WARN_UNDECLARED_SELECTOR = YES;
				GCC_WARN_UNINITIALIZED_AUTOS = YES_AGGRESSIVE;
				GCC_WARN_UNUSED_FUNCTION = YES;
				GCC_WARN_UNUSED_VARIABLE = YES;
				IPHONEOS_DEPLOYMENT_TARGET = 14.0;
				MTL_ENABLE_DEBUG_INFO = INCLUDE_SOURCE;
				MTL_FAST_MATH = YES;
				ONLY_ACTIVE_ARCH = YES;
				SDKROOT = iphoneos;
				SWIFT_ACTIVE_COMPILATION_CONDITIONS = DEBUG;
				SWIFT_OPTIMIZATION_LEVEL = "-Onone";
			};
			name = Debug;
		};
		D8CEDF0328DEFA39002C992A /* Release */ = {
			isa = XCBuildConfiguration;
			buildSettings = {
				ALWAYS_SEARCH_USER_PATHS = NO;
				CLANG_ANALYZER_NONNULL = YES;
				CLANG_ANALYZER_NUMBER_OBJECT_CONVERSION = YES_AGGRESSIVE;
				CLANG_CXX_LANGUAGE_STANDARD = "gnu++20";
				CLANG_ENABLE_MODULES = YES;
				CLANG_ENABLE_OBJC_ARC = YES;
				CLANG_ENABLE_OBJC_WEAK = YES;
				CLANG_WARN_BLOCK_CAPTURE_AUTORELEASING = YES;
				CLANG_WARN_BOOL_CONVERSION = YES;
				CLANG_WARN_COMMA = YES;
				CLANG_WARN_CONSTANT_CONVERSION = YES;
				CLANG_WARN_DEPRECATED_OBJC_IMPLEMENTATIONS = YES;
				CLANG_WARN_DIRECT_OBJC_ISA_USAGE = YES_ERROR;
				CLANG_WARN_DOCUMENTATION_COMMENTS = YES;
				CLANG_WARN_EMPTY_BODY = YES;
				CLANG_WARN_ENUM_CONVERSION = YES;
				CLANG_WARN_INFINITE_RECURSION = YES;
				CLANG_WARN_INT_CONVERSION = YES;
				CLANG_WARN_NON_LITERAL_NULL_CONVERSION = YES;
				CLANG_WARN_OBJC_IMPLICIT_RETAIN_SELF = YES;
				CLANG_WARN_OBJC_LITERAL_CONVERSION = YES;
				CLANG_WARN_OBJC_ROOT_CLASS = YES_ERROR;
				CLANG_WARN_QUOTED_INCLUDE_IN_FRAMEWORK_HEADER = YES;
				CLANG_WARN_RANGE_LOOP_ANALYSIS = YES;
				CLANG_WARN_STRICT_PROTOTYPES = YES;
				CLANG_WARN_SUSPICIOUS_MOVE = YES;
				CLANG_WARN_UNGUARDED_AVAILABILITY = YES_AGGRESSIVE;
				CLANG_WARN_UNREACHABLE_CODE = YES;
				CLANG_WARN__DUPLICATE_METHOD_MATCH = YES;
				COPY_PHASE_STRIP = NO;
				DEBUG_INFORMATION_FORMAT = "dwarf-with-dsym";
				ENABLE_NS_ASSERTIONS = NO;
				ENABLE_STRICT_OBJC_MSGSEND = YES;
				GCC_C_LANGUAGE_STANDARD = gnu11;
				GCC_NO_COMMON_BLOCKS = YES;
				GCC_WARN_64_TO_32_BIT_CONVERSION = YES;
				GCC_WARN_ABOUT_RETURN_TYPE = YES_ERROR;
				GCC_WARN_UNDECLARED_SELECTOR = YES;
				GCC_WARN_UNINITIALIZED_AUTOS = YES_AGGRESSIVE;
				GCC_WARN_UNUSED_FUNCTION = YES;
				GCC_WARN_UNUSED_VARIABLE = YES;
				IPHONEOS_DEPLOYMENT_TARGET = 14.0;
				MTL_ENABLE_DEBUG_INFO = NO;
				MTL_FAST_MATH = YES;
				SDKROOT = iphoneos;
				SWIFT_COMPILATION_MODE = wholemodule;
				SWIFT_OPTIMIZATION_LEVEL = "-O";
				VALIDATE_PRODUCT = YES;
			};
			name = Release;
		};
		D8CEDF0528DEFA39002C992A /* Debug */ = {
			isa = XCBuildConfiguration;
			buildSettings = {
				ASSETCATALOG_COMPILER_APPICON_NAME = AppIcon;
				ASSETCATALOG_COMPILER_GLOBAL_ACCENT_COLOR_NAME = AccentColor;
				CLANG_ENABLE_MODULES = YES;
				CODE_SIGN_STYLE = Automatic;
				CURRENT_PROJECT_VERSION = 1;
				DEVELOPMENT_ASSET_PATHS = "\"IOS Haptics App/Preview Content\"";
				DEVELOPMENT_TEAM = Q49H5C6L5Z;
				ENABLE_PREVIEWS = YES;
				GENERATE_INFOPLIST_FILE = YES;
				INFOPLIST_KEY_UIApplicationSceneManifest_Generation = YES;
				INFOPLIST_KEY_UIApplicationSupportsIndirectInputEvents = YES;
				INFOPLIST_KEY_UILaunchScreen_Generation = YES;
				INFOPLIST_KEY_UISupportedInterfaceOrientations_iPad = "UIInterfaceOrientationPortrait UIInterfaceOrientationPortraitUpsideDown UIInterfaceOrientationLandscapeLeft UIInterfaceOrientationLandscapeRight";
				INFOPLIST_KEY_UISupportedInterfaceOrientations_iPhone = "UIInterfaceOrientationPortrait UIInterfaceOrientationLandscapeLeft UIInterfaceOrientationLandscapeRight";
				LD_RUNPATH_SEARCH_PATHS = (
					"$(inherited)",
					"@executable_path/Frameworks",
				);
				MARKETING_VERSION = 1.0;
				PRODUCT_BUNDLE_IDENTIFIER = "-01.IOS-Haptics-App";
				PRODUCT_NAME = "$(TARGET_NAME)";
				SWIFT_EMIT_LOC_STRINGS = YES;
				SWIFT_OBJC_BRIDGING_HEADER = "IOS Haptics App/IOS Haptics App-Bridging-Header.h";
				SWIFT_OPTIMIZATION_LEVEL = "-Onone";
				SWIFT_VERSION = 5.0;
				TARGETED_DEVICE_FAMILY = "1,2";
			};
			name = Debug;
		};
		D8CEDF0628DEFA39002C992A /* Release */ = {
			isa = XCBuildConfiguration;
			buildSettings = {
				ASSETCATALOG_COMPILER_APPICON_NAME = AppIcon;
				ASSETCATALOG_COMPILER_GLOBAL_ACCENT_COLOR_NAME = AccentColor;
				CLANG_ENABLE_MODULES = YES;
				CODE_SIGN_STYLE = Automatic;
				CURRENT_PROJECT_VERSION = 1;
				DEVELOPMENT_ASSET_PATHS = "\"IOS Haptics App/Preview Content\"";
				DEVELOPMENT_TEAM = Q49H5C6L5Z;
				ENABLE_PREVIEWS = YES;
				GENERATE_INFOPLIST_FILE = YES;
				INFOPLIST_KEY_UIApplicationSceneManifest_Generation = YES;
				INFOPLIST_KEY_UIApplicationSupportsIndirectInputEvents = YES;
				INFOPLIST_KEY_UILaunchScreen_Generation = YES;
				INFOPLIST_KEY_UISupportedInterfaceOrientations_iPad = "UIInterfaceOrientationPortrait UIInterfaceOrientationPortraitUpsideDown UIInterfaceOrientationLandscapeLeft UIInterfaceOrientationLandscapeRight";
				INFOPLIST_KEY_UISupportedInterfaceOrientations_iPhone = "UIInterfaceOrientationPortrait UIInterfaceOrientationLandscapeLeft UIInterfaceOrientationLandscapeRight";
				LD_RUNPATH_SEARCH_PATHS = (
					"$(inherited)",
					"@executable_path/Frameworks",
				);
				MARKETING_VERSION = 1.0;
				PRODUCT_BUNDLE_IDENTIFIER = "-01.IOS-Haptics-App";
				PRODUCT_NAME = "$(TARGET_NAME)";
				SWIFT_EMIT_LOC_STRINGS = YES;
				SWIFT_OBJC_BRIDGING_HEADER = "IOS Haptics App/IOS Haptics App-Bridging-Header.h";
				SWIFT_VERSION = 5.0;
				TARGETED_DEVICE_FAMILY = "1,2";
			};
			name = Release;
		};
		D8CEDF0828DEFA39002C992A /* Debug */ = {
			isa = XCBuildConfiguration;
			buildSettings = {
				ALWAYS_EMBED_SWIFT_STANDARD_LIBRARIES = YES;
				BUNDLE_LOADER = "$(TEST_HOST)";
				CODE_SIGN_STYLE = Automatic;
				CURRENT_PROJECT_VERSION = 1;
				DEVELOPMENT_TEAM = Q49H5C6L5Z;
				GENERATE_INFOPLIST_FILE = YES;
				IPHONEOS_DEPLOYMENT_TARGET = 14.0;
				MARKETING_VERSION = 1.0;
				PRODUCT_BUNDLE_IDENTIFIER = "-01.IOS-Haptics-AppTests";
				PRODUCT_NAME = "$(TARGET_NAME)";
				SWIFT_EMIT_LOC_STRINGS = NO;
				SWIFT_VERSION = 5.0;
				TARGETED_DEVICE_FAMILY = "1,2";
				TEST_HOST = "$(BUILT_PRODUCTS_DIR)/IOS Haptics App.app/$(BUNDLE_EXECUTABLE_FOLDER_PATH)/IOS Haptics App";
			};
			name = Debug;
		};
		D8CEDF0928DEFA39002C992A /* Release */ = {
			isa = XCBuildConfiguration;
			buildSettings = {
				ALWAYS_EMBED_SWIFT_STANDARD_LIBRARIES = YES;
				BUNDLE_LOADER = "$(TEST_HOST)";
				CODE_SIGN_STYLE = Automatic;
				CURRENT_PROJECT_VERSION = 1;
				DEVELOPMENT_TEAM = Q49H5C6L5Z;
				GENERATE_INFOPLIST_FILE = YES;
				IPHONEOS_DEPLOYMENT_TARGET = 14.0;
				MARKETING_VERSION = 1.0;
				PRODUCT_BUNDLE_IDENTIFIER = "-01.IOS-Haptics-AppTests";
				PRODUCT_NAME = "$(TARGET_NAME)";
				SWIFT_EMIT_LOC_STRINGS = NO;
				SWIFT_VERSION = 5.0;
				TARGETED_DEVICE_FAMILY = "1,2";
				TEST_HOST = "$(BUILT_PRODUCTS_DIR)/IOS Haptics App.app/$(BUNDLE_EXECUTABLE_FOLDER_PATH)/IOS Haptics App";
			};
			name = Release;
		};
		D8CEDF0B28DEFA39002C992A /* Debug */ = {
			isa = XCBuildConfiguration;
			buildSettings = {
				ALWAYS_EMBED_SWIFT_STANDARD_LIBRARIES = YES;
				CODE_SIGN_STYLE = Automatic;
				CURRENT_PROJECT_VERSION = 1;
				DEVELOPMENT_TEAM = Q49H5C6L5Z;
				GENERATE_INFOPLIST_FILE = YES;
				MARKETING_VERSION = 1.0;
				PRODUCT_BUNDLE_IDENTIFIER = "-01.IOS-Haptics-AppUITests";
				PRODUCT_NAME = "$(TARGET_NAME)";
				SWIFT_EMIT_LOC_STRINGS = NO;
				SWIFT_VERSION = 5.0;
				TARGETED_DEVICE_FAMILY = "1,2";
				TEST_TARGET_NAME = "IOS Haptics App";
			};
			name = Debug;
		};
		D8CEDF0C28DEFA39002C992A /* Release */ = {
			isa = XCBuildConfiguration;
			buildSettings = {
				ALWAYS_EMBED_SWIFT_STANDARD_LIBRARIES = YES;
				CODE_SIGN_STYLE = Automatic;
				CURRENT_PROJECT_VERSION = 1;
				DEVELOPMENT_TEAM = Q49H5C6L5Z;
				GENERATE_INFOPLIST_FILE = YES;
				MARKETING_VERSION = 1.0;
				PRODUCT_BUNDLE_IDENTIFIER = "-01.IOS-Haptics-AppUITests";
				PRODUCT_NAME = "$(TARGET_NAME)";
				SWIFT_EMIT_LOC_STRINGS = NO;
				SWIFT_VERSION = 5.0;
				TARGETED_DEVICE_FAMILY = "1,2";
				TEST_TARGET_NAME = "IOS Haptics App";
			};
			name = Release;
		};
/* End XCBuildConfiguration section */

/* Begin XCConfigurationList section */
		D8CEDEDB28DEFA39002C992A /* Build configuration list for PBXProject "IOS Haptics App" */ = {
			isa = XCConfigurationList;
			buildConfigurations = (
				D8CEDF0228DEFA39002C992A /* Debug */,
				D8CEDF0328DEFA39002C992A /* Release */,
			);
			defaultConfigurationIsVisible = 0;
			defaultConfigurationName = Release;
		};
		D8CEDF0428DEFA39002C992A /* Build configuration list for PBXNativeTarget "IOS Haptics App" */ = {
			isa = XCConfigurationList;
			buildConfigurations = (
				D8CEDF0528DEFA39002C992A /* Debug */,
				D8CEDF0628DEFA39002C992A /* Release */,
			);
			defaultConfigurationIsVisible = 0;
			defaultConfigurationName = Release;
		};
		D8CEDF0728DEFA39002C992A /* Build configuration list for PBXNativeTarget "IOS Haptics AppTests" */ = {
			isa = XCConfigurationList;
			buildConfigurations = (
				D8CEDF0828DEFA39002C992A /* Debug */,
				D8CEDF0928DEFA39002C992A /* Release */,
			);
			defaultConfigurationIsVisible = 0;
			defaultConfigurationName = Release;
		};
		D8CEDF0A28DEFA39002C992A /* Build configuration list for PBXNativeTarget "IOS Haptics AppUITests" */ = {
			isa = XCConfigurationList;
			buildConfigurations = (
				D8CEDF0B28DEFA39002C992A /* Debug */,
				D8CEDF0C28DEFA39002C992A /* Release */,
			);
			defaultConfigurationIsVisible = 0;
			defaultConfigurationName = Release;
		};
/* End XCConfigurationList section */
	};
	rootObject = D8CEDED828DEFA39002C992A /* Project object */;
}
